
Microsoft Visual Studio Solution File, Format Version 12.00
# Visual Studio Express 2013 for Windows Desktop
VisualStudioVersion = 12.0.21005.1
MinimumVisualStudioVersion = 10.0.40219.1
Project("{FAE04EC0-301F-11D3-BF4B-00C04F79EFBC}") = "ComplexIfStatement", "ComplexIfStatement\ComplexIfStatement.csproj", "{38007216-FA39-4B34-BA02-C653DC06FFFA}"
EndProject
Global
	GlobalSection(SolutionConfigurationPlatforms) = preSolution
		Debug|Any CPU = Debug|Any CPU
		Release|Any CPU = Release|Any CPU
	EndGlobalSection
	GlobalSection(ProjectConfigurationPlatforms) = postSolution
		{38007216-FA39-4B34-BA02-C653DC06FFFA}.Debug|Any CPU.ActiveCfg = Debug|Any CPU
		{38007216-FA39-4B34-BA02-C653DC06FFFA}.Debug|Any CPU.Build.0 = Debug|Any CPU
		{38007216-FA39-4B34-BA02-C653DC06FFFA}.Release|Any CPU.ActiveCfg = Release|Any CPU
		{38007216-FA39-4B34-BA02-C653DC06FFFA}.Release|Any CPU.Build.0 = Release|Any CPU
	EndGlobalSection
	GlobalSection(SolutionProperties) = preSolution
		HideSolutionNode = FALSE
	EndGlobalSection
EndGlobal
